uuid: 7f15cc40-3b58-486f-92d3-f1cf73143dc5
langcode: en
status: true
dependencies:
  config:
    - block_content.type.drag_and_drop_block
  module:
    - content_translation
third_party_settings:
  content_translation:
    enabled: true
    bundle_settings:
      untranslatable_fields_hide: '0'
_core:
  default_config_hash: vR1oWj3XD7Jk8HAVOc2P54l45QbNueVFGS4ok2KLanI
id: block_content.drag_and_drop_block
target_entity_type_id: block_content
target_bundle: drag_and_drop_block
default_langcode: site_default
language_alterable: true
